
Microsoft Visual Studio Solution File, Format Version 12.00
# Visual Studio Version 17
VisualStudioVersion = 17.4.33205.214
MinimumVisualStudioVersion = 10.0.40219.1
Project("{FAE04EC0-301F-11D3-BF4B-00C04F79EFBC}") = "CowBoySlug", "CowBoySlug.csproj", "{CAA0F28F-FE0C-45F3-B932-8610F86BD176}"
EndProject
Global
	GlobalSection(SolutionConfigurationPlatforms) = preSolution
		Debug|Any CPU = Debug|Any CPU
		Release|Any CPU = Release|Any CPU
	EndGlobalSection
	GlobalSection(ProjectConfigurationPlatforms) = postSolution
		{CAA0F28F-FE0C-45F3-B932-8610F86BD176}.Debug|Any CPU.ActiveCfg = Debug|Any CPU
		{CAA0F28F-FE0C-45F3-B932-8610F86BD176}.Debug|Any CPU.Build.0 = Debug|Any CPU
		{CAA0F28F-FE0C-45F3-B932-8610F86BD176}.Release|Any CPU.ActiveCfg = Release|Any CPU
		{CAA0F28F-FE0C-45F3-B932-8610F86BD176}.Release|Any CPU.Build.0 = Release|Any CPU
	EndGlobalSection
	GlobalSection(SolutionProperties) = preSolution
		HideSolutionNode = FALSE
	EndGlobalSection
	GlobalSection(ExtensibilityGlobals) = postSolution
		SolutionGuid = {5238A1CD-19BE-4617-BAF6-3143D8064838}
	EndGlobalSection
EndGlobal
